// !$*UTF8*$!
{
	archiveVersion = 1;
	classes = {
	};
	objectVersion = 56;
	objects = {

/* Begin PBXBuildFile section */
		D163154729F95B8400B3F261 /* AppDelegate.swift in Sources */ = {isa = PBXBuildFile; fileRef = D163154629F95B8400B3F261 /* AppDelegate.swift */; };
		D163155029F95B8500B3F261 /* Assets.xcassets in Resources */ = {isa = PBXBuildFile; fileRef = D163154F29F95B8500B3F261 /* Assets.xcassets */; };
		D163155329F95B8500B3F261 /* LaunchScreen.storyboard in Resources */ = {isa = PBXBuildFile; fileRef = D163155129F95B8500B3F261 /* LaunchScreen.storyboard */; };
		D163155E29F95B8500B3F261 /* AWRealEstateTests.swift in Sources */ = {isa = PBXBuildFile; fileRef = D163155D29F95B8500B3F261 /* AWRealEstateTests.swift */; };
		D163159B29F9DDEA00B3F261 /* Environment.swift in Sources */ = {isa = PBXBuildFile; fileRef = D163159A29F9DDEA00B3F261 /* Environment.swift */; };
		D16315AC29F9F9C200B3F261 /* SplitViewController.swift in Sources */ = {isa = PBXBuildFile; fileRef = D16315AB29F9F9C200B3F261 /* SplitViewController.swift */; };
		D16315AE29F9FB1600B3F261 /* MasterViewController.swift in Sources */ = {isa = PBXBuildFile; fileRef = D16315AD29F9FB1600B3F261 /* MasterViewController.swift */; };
		D16315B129F9FC4000B3F261 /* UIView+Ex.swift in Sources */ = {isa = PBXBuildFile; fileRef = D16315B029F9FC4000B3F261 /* UIView+Ex.swift */; };
		D16315B329F9FE4B00B3F261 /* Film.swift in Sources */ = {isa = PBXBuildFile; fileRef = D16315B229F9FE4B00B3F261 /* Film.swift */; };
		D16315B529F9FE5700B3F261 /* Actor.swift in Sources */ = {isa = PBXBuildFile; fileRef = D16315B429F9FE5700B3F261 /* Actor.swift */; };
		D16315B729FA01B700B3F261 /* IconInfo.swift in Sources */ = {isa = PBXBuildFile; fileRef = D16315B629FA01B700B3F261 /* IconInfo.swift */; };
		D16315B929FA03D700B3F261 /* ServiceManager.swift in Sources */ = {isa = PBXBuildFile; fileRef = D16315B829FA03D700B3F261 /* ServiceManager.swift */; };
		D16315BB29FA05E400B3F261 /* API.swift in Sources */ = {isa = PBXBuildFile; fileRef = D16315BA29FA05E400B3F261 /* API.swift */; };
		D16315BD29FA06C200B3F261 /* MasterViewModel.swift in Sources */ = {isa = PBXBuildFile; fileRef = D16315BC29FA06C200B3F261 /* MasterViewModel.swift */; };
		D16315BF29FA1AFA00B3F261 /* String+Ex.swift in Sources */ = {isa = PBXBuildFile; fileRef = D16315BE29FA1AFA00B3F261 /* String+Ex.swift */; };
		D16315C229FA20C900B3F261 /* Constants.swift in Sources */ = {isa = PBXBuildFile; fileRef = D16315C129FA20C900B3F261 /* Constants.swift */; };
		D16315C429FA39EA00B3F261 /* PlaceholderViewController.swift in Sources */ = {isa = PBXBuildFile; fileRef = D16315C329FA39EA00B3F261 /* PlaceholderViewController.swift */; };
		D16315C629FA3A1A00B3F261 /* Stackable.swift in Sources */ = {isa = PBXBuildFile; fileRef = D16315C529FA3A1A00B3F261 /* Stackable.swift */; };
/* End PBXBuildFile section */

/* Begin PBXContainerItemProxy section */
		D163155A29F95B8500B3F261 /* PBXContainerItemProxy */ = {
			isa = PBXContainerItemProxy;
			containerPortal = D163153B29F95B8300B3F261 /* Project object */;
			proxyType = 1;
			remoteGlobalIDString = D163154229F95B8400B3F261;
			remoteInfo = AWRealEstate;
		};
		D163156429F95B8500B3F261 /* PBXContainerItemProxy */ = {
			isa = PBXContainerItemProxy;
			containerPortal = D163153B29F95B8300B3F261 /* Project object */;
			proxyType = 1;
			remoteGlobalIDString = D163154229F95B8400B3F261;
			remoteInfo = AWRealEstate;
		};
/* End PBXContainerItemProxy section */

/* Begin PBXFileReference section */
		D163154329F95B8400B3F261 /* AWRealEstate.app */ = {isa = PBXFileReference; explicitFileType = wrapper.application; includeInIndex = 0; path = AWRealEstate.app; sourceTree = BUILT_PRODUCTS_DIR; };
		D163154629F95B8400B3F261 /* AppDelegate.swift */ = {isa = PBXFileReference; lastKnownFileType = sourcecode.swift; path = AppDelegate.swift; sourceTree = "<group>"; };
		D163154F29F95B8500B3F261 /* Assets.xcassets */ = {isa = PBXFileReference; lastKnownFileType = folder.assetcatalog; path = Assets.xcassets; sourceTree = "<group>"; };
		D163155229F95B8500B3F261 /* Base */ = {isa = PBXFileReference; lastKnownFileType = file.storyboard; name = Base; path = Base.lproj/LaunchScreen.storyboard; sourceTree = "<group>"; };
		D163155429F95B8500B3F261 /* Info.plist */ = {isa = PBXFileReference; lastKnownFileType = text.plist.xml; path = Info.plist; sourceTree = "<group>"; };
		D163155929F95B8500B3F261 /* AWRealEstateTests.xctest */ = {isa = PBXFileReference; explicitFileType = wrapper.cfbundle; includeInIndex = 0; path = AWRealEstateTests.xctest; sourceTree = BUILT_PRODUCTS_DIR; };
		D163155D29F95B8500B3F261 /* AWRealEstateTests.swift */ = {isa = PBXFileReference; lastKnownFileType = sourcecode.swift; path = AWRealEstateTests.swift; sourceTree = "<group>"; };
		D163156329F95B8500B3F261 /* AWRealEstateUITests.xctest */ = {isa = PBXFileReference; explicitFileType = wrapper.cfbundle; includeInIndex = 0; path = AWRealEstateUITests.xctest; sourceTree = BUILT_PRODUCTS_DIR; };
		D163159429F9DD6800B3F261 /* Simpsons.xcconfig */ = {isa = PBXFileReference; fileEncoding = 4; lastKnownFileType = text.xcconfig; path = Simpsons.xcconfig; sourceTree = "<group>"; };
		D163159529F9DD6800B3F261 /* Wire.xcconfig */ = {isa = PBXFileReference; fileEncoding = 4; lastKnownFileType = text.xcconfig; path = Wire.xcconfig; sourceTree = "<group>"; };
		D163159A29F9DDEA00B3F261 /* Environment.swift */ = {isa = PBXFileReference; fileEncoding = 4; lastKnownFileType = sourcecode.swift; path = Environment.swift; sourceTree = "<group>"; };
		D16315AB29F9F9C200B3F261 /* SplitViewController.swift */ = {isa = PBXFileReference; fileEncoding = 4; lastKnownFileType = sourcecode.swift; path = SplitViewController.swift; sourceTree = "<group>"; };
		D16315AD29F9FB1600B3F261 /* MasterViewController.swift */ = {isa = PBXFileReference; fileEncoding = 4; lastKnownFileType = sourcecode.swift; path = MasterViewController.swift; sourceTree = "<group>"; };
		D16315B029F9FC4000B3F261 /* UIView+Ex.swift */ = {isa = PBXFileReference; fileEncoding = 4; lastKnownFileType = sourcecode.swift; path = "UIView+Ex.swift"; sourceTree = "<group>"; };
		D16315B229F9FE4B00B3F261 /* Film.swift */ = {isa = PBXFileReference; lastKnownFileType = sourcecode.swift; path = Film.swift; sourceTree = "<group>"; };
		D16315B429F9FE5700B3F261 /* Actor.swift */ = {isa = PBXFileReference; lastKnownFileType = sourcecode.swift; path = Actor.swift; sourceTree = "<group>"; };
		D16315B629FA01B700B3F261 /* IconInfo.swift */ = {isa = PBXFileReference; lastKnownFileType = sourcecode.swift; path = IconInfo.swift; sourceTree = "<group>"; };
		D16315B829FA03D700B3F261 /* ServiceManager.swift */ = {isa = PBXFileReference; fileEncoding = 4; lastKnownFileType = sourcecode.swift; path = ServiceManager.swift; sourceTree = "<group>"; };
		D16315BA29FA05E400B3F261 /* API.swift */ = {isa = PBXFileReference; lastKnownFileType = sourcecode.swift; path = API.swift; sourceTree = "<group>"; };
		D16315BC29FA06C200B3F261 /* MasterViewModel.swift */ = {isa = PBXFileReference; lastKnownFileType = sourcecode.swift; name = MasterViewModel.swift; path = AWRealEstate/MasterViewModel.swift; sourceTree = SOURCE_ROOT; };
		D16315BE29FA1AFA00B3F261 /* String+Ex.swift */ = {isa = PBXFileReference; lastKnownFileType = sourcecode.swift; path = "String+Ex.swift"; sourceTree = "<group>"; };
		D16315C129FA20C900B3F261 /* Constants.swift */ = {isa = PBXFileReference; lastKnownFileType = sourcecode.swift; path = Constants.swift; sourceTree = "<group>"; };
		D16315C329FA39EA00B3F261 /* PlaceholderViewController.swift */ = {isa = PBXFileReference; fileEncoding = 4; lastKnownFileType = sourcecode.swift; path = PlaceholderViewController.swift; sourceTree = "<group>"; };
		D16315C529FA3A1A00B3F261 /* Stackable.swift */ = {isa = PBXFileReference; fileEncoding = 4; lastKnownFileType = sourcecode.swift; path = Stackable.swift; sourceTree = "<group>"; };
/* End PBXFileReference section */

/* Begin PBXFrameworksBuildPhase section */
		D163154029F95B8400B3F261 /* Frameworks */ = {
			isa = PBXFrameworksBuildPhase;
			buildActionMask = 2147483647;
			files = (
			);
			runOnlyForDeploymentPostprocessing = 0;
		};
		D163155629F95B8500B3F261 /* Frameworks */ = {
			isa = PBXFrameworksBuildPhase;
			buildActionMask = 2147483647;
			files = (
			);
			runOnlyForDeploymentPostprocessing = 0;
		};
		D163156029F95B8500B3F261 /* Frameworks */ = {
			isa = PBXFrameworksBuildPhase;
			buildActionMask = 2147483647;
			files = (
			);
			runOnlyForDeploymentPostprocessing = 0;
		};
/* End PBXFrameworksBuildPhase section */

/* Begin PBXGroup section */
		D163153A29F95B8300B3F261 = {
			isa = PBXGroup;
			children = (
				D163159329F9DD6800B3F261 /* Configurations */,
				D163154529F95B8400B3F261 /* AWRealEstate */,
				D163155C29F95B8500B3F261 /* AWRealEstateTests */,
				D163154429F95B8400B3F261 /* Products */,
			);
			sourceTree = "<group>";
		};
		D163154429F95B8400B3F261 /* Products */ = {
			isa = PBXGroup;
			children = (
				D163154329F95B8400B3F261 /* AWRealEstate.app */,
				D163155929F95B8500B3F261 /* AWRealEstateTests.xctest */,
				D163156329F95B8500B3F261 /* AWRealEstateUITests.xctest */,
			);
			name = Products;
			sourceTree = "<group>";
		};
		D163154529F95B8400B3F261 /* AWRealEstate */ = {
			isa = PBXGroup;
			children = (
				D163159029F9DD0500B3F261 /* Application */,
				D163159D29F9DE1A00B3F261 /* ViewControllers */,
				D163159129F9DD2000B3F261 /* Common */,
				D163154F29F95B8500B3F261 /* Assets.xcassets */,
				D163155129F95B8500B3F261 /* LaunchScreen.storyboard */,
				D163155429F95B8500B3F261 /* Info.plist */,
			);
			path = AWRealEstate;
			sourceTree = "<group>";
		};
		D163155C29F95B8500B3F261 /* AWRealEstateTests */ = {
			isa = PBXGroup;
			children = (
				D163155D29F95B8500B3F261 /* AWRealEstateTests.swift */,
			);
			path = AWRealEstateTests;
			sourceTree = "<group>";
		};
		D163159029F9DD0500B3F261 /* Application */ = {
			isa = PBXGroup;
			children = (
				D163154629F95B8400B3F261 /* AppDelegate.swift */,
			);
			path = Application;
			sourceTree = "<group>";
		};
		D163159129F9DD2000B3F261 /* Common */ = {
			isa = PBXGroup;
			children = (
				D16315AF29F9FBAA00B3F261 /* Extensions */,
				D163159829F9DD8400B3F261 /* Network */,
				D16315A029F9DE9700B3F261 /* Model */,
				D16315A229F9DEC700B3F261 /* Protocols */,
				D163159929F9DDD100B3F261 /* ConfigEnv */,
				D16315A129F9DEB300B3F261 /* Mock */,
				D16315C029FA20AC00B3F261 /* Constants */,
			);
			path = Common;
			sourceTree = "<group>";
		};
		D163159329F9DD6800B3F261 /* Configurations */ = {
			isa = PBXGroup;
			children = (
				D163159429F9DD6800B3F261 /* Simpsons.xcconfig */,
				D163159529F9DD6800B3F261 /* Wire.xcconfig */,
			);
			path = Configurations;
			sourceTree = "<group>";
		};
		D163159829F9DD8400B3F261 /* Network */ = {
			isa = PBXGroup;
			children = (
				D16315BA29FA05E400B3F261 /* API.swift */,
				D16315B829FA03D700B3F261 /* ServiceManager.swift */,
			);
			path = Network;
			sourceTree = "<group>";
		};
		D163159929F9DDD100B3F261 /* ConfigEnv */ = {
			isa = PBXGroup;
			children = (
				D163159A29F9DDEA00B3F261 /* Environment.swift */,
			);
			path = ConfigEnv;
			sourceTree = "<group>";
		};
		D163159C29F9DE0600B3F261 /* Master */ = {
			isa = PBXGroup;
			children = (
				D16315AD29F9FB1600B3F261 /* MasterViewController.swift */,
				D16315BC29FA06C200B3F261 /* MasterViewModel.swift */,
			);
			path = Master;
			sourceTree = "<group>";
		};
		D163159D29F9DE1A00B3F261 /* ViewControllers */ = {
			isa = PBXGroup;
			children = (
				D163159C29F9DE0600B3F261 /* Master */,
				D163159E29F9DE2C00B3F261 /* Detail */,
				D163159F29F9DE4700B3F261 /* Split */,
			);
			path = ViewControllers;
			sourceTree = "<group>";
		};
		D163159E29F9DE2C00B3F261 /* Detail */ = {
			isa = PBXGroup;
			children = (
				D16315C329FA39EA00B3F261 /* PlaceholderViewController.swift */,
			);
			path = Detail;
			sourceTree = "<group>";
		};
		D163159F29F9DE4700B3F261 /* Split */ = {
			isa = PBXGroup;
			children = (
				D16315AB29F9F9C200B3F261 /* SplitViewController.swift */,
			);
			path = Split;
			sourceTree = "<group>";
		};
		D16315A029F9DE9700B3F261 /* Model */ = {
			isa = PBXGroup;
			children = (
				D16315B229F9FE4B00B3F261 /* Film.swift */,
				D16315B429F9FE5700B3F261 /* Actor.swift */,
				D16315B629FA01B700B3F261 /* IconInfo.swift */,
			);
			path = Model;
			sourceTree = "<group>";
		};
		D16315A129F9DEB300B3F261 /* Mock */ = {
			isa = PBXGroup;
			children = (
			);
			path = Mock;
			sourceTree = "<group>";
		};
		D16315A229F9DEC700B3F261 /* Protocols */ = {
			isa = PBXGroup;
			children = (
				D16315C529FA3A1A00B3F261 /* Stackable.swift */,
			);
			path = Protocols;
			sourceTree = "<group>";
		};
		D16315AF29F9FBAA00B3F261 /* Extensions */ = {
			isa = PBXGroup;
			children = (
				D16315B029F9FC4000B3F261 /* UIView+Ex.swift */,
				D16315BE29FA1AFA00B3F261 /* String+Ex.swift */,
			);
			path = Extensions;
			sourceTree = "<group>";
		};
		D16315C029FA20AC00B3F261 /* Constants */ = {
			isa = PBXGroup;
			children = (
				D16315C129FA20C900B3F261 /* Constants.swift */,
			);
			path = Constants;
			sourceTree = "<group>";
		};
/* End PBXGroup section */

/* Begin PBXNativeTarget section */
		D163154229F95B8400B3F261 /* AWRealEstate */ = {
			isa = PBXNativeTarget;
			buildConfigurationList = D163156D29F95B8500B3F261 /* Build configuration list for PBXNativeTarget "AWRealEstate" */;
			buildPhases = (
				D163153F29F95B8400B3F261 /* Sources */,
				D163154029F95B8400B3F261 /* Frameworks */,
				D163154129F95B8400B3F261 /* Resources */,
			);
			buildRules = (
			);
			dependencies = (
			);
			name = AWRealEstate;
			productName = AWRealEstate;
			productReference = D163154329F95B8400B3F261 /* AWRealEstate.app */;
			productType = "com.apple.product-type.application";
		};
		D163155829F95B8500B3F261 /* AWRealEstateTests */ = {
			isa = PBXNativeTarget;
			buildConfigurationList = D163157029F95B8500B3F261 /* Build configuration list for PBXNativeTarget "AWRealEstateTests" */;
			buildPhases = (
				D163155529F95B8500B3F261 /* Sources */,
				D163155629F95B8500B3F261 /* Frameworks */,
				D163155729F95B8500B3F261 /* Resources */,
			);
			buildRules = (
			);
			dependencies = (
				D163155B29F95B8500B3F261 /* PBXTargetDependency */,
			);
			name = AWRealEstateTests;
			productName = AWRealEstateTests;
			productReference = D163155929F95B8500B3F261 /* AWRealEstateTests.xctest */;
			productType = "com.apple.product-type.bundle.unit-test";
		};
		D163156229F95B8500B3F261 /* AWRealEstateUITests */ = {
			isa = PBXNativeTarget;
			buildConfigurationList = D163157329F95B8500B3F261 /* Build configuration list for PBXNativeTarget "AWRealEstateUITests" */;
			buildPhases = (
				D163155F29F95B8500B3F261 /* Sources */,
				D163156029F95B8500B3F261 /* Frameworks */,
				D163156129F95B8500B3F261 /* Resources */,
			);
			buildRules = (
			);
			dependencies = (
				D163156529F95B8500B3F261 /* PBXTargetDependency */,
			);
			name = AWRealEstateUITests;
			productName = AWRealEstateUITests;
			productReference = D163156329F95B8500B3F261 /* AWRealEstateUITests.xctest */;
			productType = "com.apple.product-type.bundle.ui-testing";
		};
/* End PBXNativeTarget section */

/* Begin PBXProject section */
		D163153B29F95B8300B3F261 /* Project object */ = {
			isa = PBXProject;
			attributes = {
				BuildIndependentTargetsInParallel = 1;
				LastSwiftUpdateCheck = 1420;
				LastUpgradeCheck = 1420;
				TargetAttributes = {
					D163154229F95B8400B3F261 = {
						CreatedOnToolsVersion = 14.2;
					};
					D163155829F95B8500B3F261 = {
						CreatedOnToolsVersion = 14.2;
						TestTargetID = D163154229F95B8400B3F261;
					};
					D163156229F95B8500B3F261 = {
						CreatedOnToolsVersion = 14.2;
						TestTargetID = D163154229F95B8400B3F261;
					};
				};
			};
			buildConfigurationList = D163153E29F95B8400B3F261 /* Build configuration list for PBXProject "AWRealEstate" */;
			compatibilityVersion = "Xcode 14.0";
			developmentRegion = en;
			hasScannedForEncodings = 0;
			knownRegions = (
				en,
				Base,
			);
			mainGroup = D163153A29F95B8300B3F261;
			productRefGroup = D163154429F95B8400B3F261 /* Products */;
			projectDirPath = "";
			projectRoot = "";
			targets = (
				D163154229F95B8400B3F261 /* AWRealEstate */,
				D163155829F95B8500B3F261 /* AWRealEstateTests */,
				D163156229F95B8500B3F261 /* AWRealEstateUITests */,
			);
		};
/* End PBXProject section */

/* Begin PBXResourcesBuildPhase section */
		D163154129F95B8400B3F261 /* Resources */ = {
			isa = PBXResourcesBuildPhase;
			buildActionMask = 2147483647;
			files = (
				D163155329F95B8500B3F261 /* LaunchScreen.storyboard in Resources */,
				D163155029F95B8500B3F261 /* Assets.xcassets in Resources */,
			);
			runOnlyForDeploymentPostprocessing = 0;
		};
		D163155729F95B8500B3F261 /* Resources */ = {
			isa = PBXResourcesBuildPhase;
			buildActionMask = 2147483647;
			files = (
			);
			runOnlyForDeploymentPostprocessing = 0;
		};
		D163156129F95B8500B3F261 /* Resources */ = {
			isa = PBXResourcesBuildPhase;
			buildActionMask = 2147483647;
			files = (
			);
			runOnlyForDeploymentPostprocessing = 0;
		};
/* End PBXResourcesBuildPhase section */

/* Begin PBXSourcesBuildPhase section */
		D163153F29F95B8400B3F261 /* Sources */ = {
			isa = PBXSourcesBuildPhase;
			buildActionMask = 2147483647;
			files = (
				D16315B929FA03D700B3F261 /* ServiceManager.swift in Sources */,
				D16315AC29F9F9C200B3F261 /* SplitViewController.swift in Sources */,
				D16315AE29F9FB1600B3F261 /* MasterViewController.swift in Sources */,
				D16315C629FA3A1A00B3F261 /* Stackable.swift in Sources */,
				D16315B729FA01B700B3F261 /* IconInfo.swift in Sources */,
				D16315C429FA39EA00B3F261 /* PlaceholderViewController.swift in Sources */,
				D16315C229FA20C900B3F261 /* Constants.swift in Sources */,
				D163159B29F9DDEA00B3F261 /* Environment.swift in Sources */,
				D16315BD29FA06C200B3F261 /* MasterViewModel.swift in Sources */,
				D163154729F95B8400B3F261 /* AppDelegate.swift in Sources */,
				D16315B329F9FE4B00B3F261 /* Film.swift in Sources */,
				D16315BF29FA1AFA00B3F261 /* String+Ex.swift in Sources */,
				D16315B529F9FE5700B3F261 /* Actor.swift in Sources */,
				D16315BB29FA05E400B3F261 /* API.swift in Sources */,
				D16315B129F9FC4000B3F261 /* UIView+Ex.swift in Sources */,
			);
			runOnlyForDeploymentPostprocessing = 0;
		};
		D163155529F95B8500B3F261 /* Sources */ = {
			isa = PBXSourcesBuildPhase;
			buildActionMask = 2147483647;
			files = (
				D163155E29F95B8500B3F261 /* AWRealEstateTests.swift in Sources */,
			);
			runOnlyForDeploymentPostprocessing = 0;
		};
		D163155F29F95B8500B3F261 /* Sources */ = {
			isa = PBXSourcesBuildPhase;
			buildActionMask = 2147483647;
			files = (
			);
			runOnlyForDeploymentPostprocessing = 0;
		};
/* End PBXSourcesBuildPhase section */

/* Begin PBXTargetDependency section */
		D163155B29F95B8500B3F261 /* PBXTargetDependency */ = {
			isa = PBXTargetDependency;
			target = D163154229F95B8400B3F261 /* AWRealEstate */;
			targetProxy = D163155A29F95B8500B3F261 /* PBXContainerItemProxy */;
		};
		D163156529F95B8500B3F261 /* PBXTargetDependency */ = {
			isa = PBXTargetDependency;
			target = D163154229F95B8400B3F261 /* AWRealEstate */;
			targetProxy = D163156429F95B8500B3F261 /* PBXContainerItemProxy */;
		};
/* End PBXTargetDependency section */

/* Begin PBXVariantGroup section */
		D163155129F95B8500B3F261 /* LaunchScreen.storyboard */ = {
			isa = PBXVariantGroup;
			children = (
				D163155229F95B8500B3F261 /* Base */,
			);
			name = LaunchScreen.storyboard;
			sourceTree = "<group>";
		};
/* End PBXVariantGroup section */

/* Begin XCBuildConfiguration section */
		D163156B29F95B8500B3F261 /* Debug */ = {
			isa = XCBuildConfiguration;
			buildSettings = {
				ALWAYS_SEARCH_USER_PATHS = NO;
				CLANG_ANALYZER_NONNULL = YES;
				CLANG_ANALYZER_NUMBER_OBJECT_CONVERSION = YES_AGGRESSIVE;
				CLANG_CXX_LANGUAGE_STANDARD = "gnu++20";
				CLANG_ENABLE_MODULES = YES;
				CLANG_ENABLE_OBJC_ARC = YES;
				CLANG_ENABLE_OBJC_WEAK = YES;
				CLANG_WARN_BLOCK_CAPTURE_AUTORELEASING = YES;
				CLANG_WARN_BOOL_CONVERSION = YES;
				CLANG_WARN_COMMA = YES;
				CLANG_WARN_CONSTANT_CONVERSION = YES;
				CLANG_WARN_DEPRECATED_OBJC_IMPLEMENTATIONS = YES;
				CLANG_WARN_DIRECT_OBJC_ISA_USAGE = YES_ERROR;
				CLANG_WARN_DOCUMENTATION_COMMENTS = YES;
				CLANG_WARN_EMPTY_BODY = YES;
				CLANG_WARN_ENUM_CONVERSION = YES;
				CLANG_WARN_INFINITE_RECURSION = YES;
				CLANG_WARN_INT_CONVERSION = YES;
				CLANG_WARN_NON_LITERAL_NULL_CONVERSION = YES;
				CLANG_WARN_OBJC_IMPLICIT_RETAIN_SELF = YES;
				CLANG_WARN_OBJC_LITERAL_CONVERSION = YES;
				CLANG_WARN_OBJC_ROOT_CLASS = YES_ERROR;
				CLANG_WARN_QUOTED_INCLUDE_IN_FRAMEWORK_HEADER = YES;
				CLANG_WARN_RANGE_LOOP_ANALYSIS = YES;
				CLANG_WARN_STRICT_PROTOTYPES = YES;
				CLANG_WARN_SUSPICIOUS_MOVE = YES;
				CLANG_WARN_UNGUARDED_AVAILABILITY = YES_AGGRESSIVE;
				CLANG_WARN_UNREACHABLE_CODE = YES;
				CLANG_WARN__DUPLICATE_METHOD_MATCH = YES;
				COPY_PHASE_STRIP = NO;
				DEBUG_INFORMATION_FORMAT = dwarf;
				ENABLE_STRICT_OBJC_MSGSEND = YES;
				ENABLE_TESTABILITY = YES;
				GCC_C_LANGUAGE_STANDARD = gnu11;
				GCC_DYNAMIC_NO_PIC = NO;
				GCC_NO_COMMON_BLOCKS = YES;
				GCC_OPTIMIZATION_LEVEL = 0;
				GCC_PREPROCESSOR_DEFINITIONS = (
					"DEBUG=1",
					"$(inherited)",
				);
				GCC_WARN_64_TO_32_BIT_CONVERSION = YES;
				GCC_WARN_ABOUT_RETURN_TYPE = YES_ERROR;
				GCC_WARN_UNDECLARED_SELECTOR = YES;
				GCC_WARN_UNINITIALIZED_AUTOS = YES_AGGRESSIVE;
				GCC_WARN_UNUSED_FUNCTION = YES;
				GCC_WARN_UNUSED_VARIABLE = YES;
				IPHONEOS_DEPLOYMENT_TARGET = 16.2;
				MTL_ENABLE_DEBUG_INFO = INCLUDE_SOURCE;
				MTL_FAST_MATH = YES;
				ONLY_ACTIVE_ARCH = YES;
				SDKROOT = iphoneos;
				SWIFT_ACTIVE_COMPILATION_CONDITIONS = DEBUG;
				SWIFT_OPTIMIZATION_LEVEL = "-Onone";
			};
			name = Debug;
		};
		D163156C29F95B8500B3F261 /* Release */ = {
			isa = XCBuildConfiguration;
			buildSettings = {
				ALWAYS_SEARCH_USER_PATHS = NO;
				CLANG_ANALYZER_NONNULL = YES;
				CLANG_ANALYZER_NUMBER_OBJECT_CONVERSION = YES_AGGRESSIVE;
				CLANG_CXX_LANGUAGE_STANDARD = "gnu++20";
				CLANG_ENABLE_MODULES = YES;
				CLANG_ENABLE_OBJC_ARC = YES;
				CLANG_ENABLE_OBJC_WEAK = YES;
				CLANG_WARN_BLOCK_CAPTURE_AUTORELEASING = YES;
				CLANG_WARN_BOOL_CONVERSION = YES;
				CLANG_WARN_COMMA = YES;
				CLANG_WARN_CONSTANT_CONVERSION = YES;
				CLANG_WARN_DEPRECATED_OBJC_IMPLEMENTATIONS = YES;
				CLANG_WARN_DIRECT_OBJC_ISA_USAGE = YES_ERROR;
				CLANG_WARN_DOCUMENTATION_COMMENTS = YES;
				CLANG_WARN_EMPTY_BODY = YES;
				CLANG_WARN_ENUM_CONVERSION = YES;
				CLANG_WARN_INFINITE_RECURSION = YES;
				CLANG_WARN_INT_CONVERSION = YES;
				CLANG_WARN_NON_LITERAL_NULL_CONVERSION = YES;
				CLANG_WARN_OBJC_IMPLICIT_RETAIN_SELF = YES;
				CLANG_WARN_OBJC_LITERAL_CONVERSION = YES;
				CLANG_WARN_OBJC_ROOT_CLASS = YES_ERROR;
				CLANG_WARN_QUOTED_INCLUDE_IN_FRAMEWORK_HEADER = YES;
				CLANG_WARN_RANGE_LOOP_ANALYSIS = YES;
				CLANG_WARN_STRICT_PROTOTYPES = YES;
				CLANG_WARN_SUSPICIOUS_MOVE = YES;
				CLANG_WARN_UNGUARDED_AVAILABILITY = YES_AGGRESSIVE;
				CLANG_WARN_UNREACHABLE_CODE = YES;
				CLANG_WARN__DUPLICATE_METHOD_MATCH = YES;
				COPY_PHASE_STRIP = NO;
				DEBUG_INFORMATION_FORMAT = "dwarf-with-dsym";
				ENABLE_NS_ASSERTIONS = NO;
				ENABLE_STRICT_OBJC_MSGSEND = YES;
				GCC_C_LANGUAGE_STANDARD = gnu11;
				GCC_NO_COMMON_BLOCKS = YES;
				GCC_WARN_64_TO_32_BIT_CONVERSION = YES;
				GCC_WARN_ABOUT_RETURN_TYPE = YES_ERROR;
				GCC_WARN_UNDECLARED_SELECTOR = YES;
				GCC_WARN_UNINITIALIZED_AUTOS = YES_AGGRESSIVE;
				GCC_WARN_UNUSED_FUNCTION = YES;
				GCC_WARN_UNUSED_VARIABLE = YES;
				IPHONEOS_DEPLOYMENT_TARGET = 16.2;
				MTL_ENABLE_DEBUG_INFO = NO;
				MTL_FAST_MATH = YES;
				SDKROOT = iphoneos;
				SWIFT_COMPILATION_MODE = wholemodule;
				SWIFT_OPTIMIZATION_LEVEL = "-O";
				VALIDATE_PRODUCT = YES;
			};
			name = Release;
		};
		D163156E29F95B8500B3F261 /* Debug */ = {
			isa = XCBuildConfiguration;
			buildSettings = {
				ASSETCATALOG_COMPILER_APPICON_NAME = AppIcon;
				ASSETCATALOG_COMPILER_GLOBAL_ACCENT_COLOR_NAME = AccentColor;
				CODE_SIGN_STYLE = Automatic;
				CURRENT_PROJECT_VERSION = 1;
				DEVELOPMENT_TEAM = MX6EDE7QQU;
				GENERATE_INFOPLIST_FILE = YES;
				INFOPLIST_FILE = AWRealEstate/Info.plist;
				INFOPLIST_KEY_UIApplicationSupportsIndirectInputEvents = YES;
				INFOPLIST_KEY_UILaunchStoryboardName = LaunchScreen;
				INFOPLIST_KEY_UIRequiredDeviceCapabilities = armv7;
				INFOPLIST_KEY_UISupportedInterfaceOrientations_iPad = "UIInterfaceOrientationPortrait UIInterfaceOrientationPortraitUpsideDown UIInterfaceOrientationLandscapeLeft UIInterfaceOrientationLandscapeRight";
				INFOPLIST_KEY_UISupportedInterfaceOrientations_iPhone = "UIInterfaceOrientationPortrait UIInterfaceOrientationLandscapeLeft UIInterfaceOrientationLandscapeRight";
				LD_RUNPATH_SEARCH_PATHS = (
					"$(inherited)",
					"@executable_path/Frameworks",
				);
				MARKETING_VERSION = 1.0;
				PRODUCT_BUNDLE_IDENTIFIER = com.gigabit.AWRealEstate;
				PRODUCT_NAME = "$(TARGET_NAME)";
				SWIFT_EMIT_LOC_STRINGS = YES;
				SWIFT_VERSION = 5.0;
				TARGETED_DEVICE_FAMILY = "1,2";
			};
			name = Debug;
		};
		D163156F29F95B8500B3F261 /* Release */ = {
			isa = XCBuildConfiguration;
			buildSettings = {
				ASSETCATALOG_COMPILER_APPICON_NAME = AppIcon;
				ASSETCATALOG_COMPILER_GLOBAL_ACCENT_COLOR_NAME = AccentColor;
				CODE_SIGN_STYLE = Automatic;
				CURRENT_PROJECT_VERSION = 1;
				DEVELOPMENT_TEAM = MX6EDE7QQU;
				GENERATE_INFOPLIST_FILE = YES;
				INFOPLIST_FILE = AWRealEstate/Info.plist;
				INFOPLIST_KEY_UIApplicationSupportsIndirectInputEvents = YES;
				INFOPLIST_KEY_UILaunchStoryboardName = LaunchScreen;
				INFOPLIST_KEY_UIRequiredDeviceCapabilities = armv7;
				INFOPLIST_KEY_UISupportedInterfaceOrientations_iPad = "UIInterfaceOrientationPortrait UIInterfaceOrientationPortraitUpsideDown UIInterfaceOrientationLandscapeLeft UIInterfaceOrientationLandscapeRight";
				INFOPLIST_KEY_UISupportedInterfaceOrientations_iPhone = "UIInterfaceOrientationPortrait UIInterfaceOrientationLandscapeLeft UIInterfaceOrientationLandscapeRight";
				LD_RUNPATH_SEARCH_PATHS = (
					"$(inherited)",
					"@executable_path/Frameworks",
				);
				MARKETING_VERSION = 1.0;
				PRODUCT_BUNDLE_IDENTIFIER = com.gigabit.AWRealEstate;
				PRODUCT_NAME = "$(TARGET_NAME)";
				SWIFT_EMIT_LOC_STRINGS = YES;
				SWIFT_VERSION = 5.0;
				TARGETED_DEVICE_FAMILY = "1,2";
			};
			name = Release;
		};
		D163157129F95B8500B3F261 /* Debug */ = {
			isa = XCBuildConfiguration;
			buildSettings = {
				ALWAYS_EMBED_SWIFT_STANDARD_LIBRARIES = YES;
				BUNDLE_LOADER = "$(TEST_HOST)";
				CODE_SIGN_STYLE = Automatic;
				CURRENT_PROJECT_VERSION = 1;
				DEVELOPMENT_TEAM = MX6EDE7QQU;
				GENERATE_INFOPLIST_FILE = YES;
				IPHONEOS_DEPLOYMENT_TARGET = 16.2;
				MARKETING_VERSION = 1.0;
				PRODUCT_BUNDLE_IDENTIFIER = com.gigabit.AWRealEstateTests;
				PRODUCT_NAME = "$(TARGET_NAME)";
				SWIFT_EMIT_LOC_STRINGS = NO;
				SWIFT_VERSION = 5.0;
				TARGETED_DEVICE_FAMILY = "1,2";
				TEST_HOST = "$(BUILT_PRODUCTS_DIR)/AWRealEstate.app/$(BUNDLE_EXECUTABLE_FOLDER_PATH)/AWRealEstate";
			};
			name = Debug;
		};
		D163157229F95B8500B3F261 /* Release */ = {
			isa = XCBuildConfiguration;
			buildSettings = {
				ALWAYS_EMBED_SWIFT_STANDARD_LIBRARIES = YES;
				BUNDLE_LOADER = "$(TEST_HOST)";
				CODE_SIGN_STYLE = Automatic;
				CURRENT_PROJECT_VERSION = 1;
				DEVELOPMENT_TEAM = MX6EDE7QQU;
				GENERATE_INFOPLIST_FILE = YES;
				IPHONEOS_DEPLOYMENT_TARGET = 16.2;
				MARKETING_VERSION = 1.0;
				PRODUCT_BUNDLE_IDENTIFIER = com.gigabit.AWRealEstateTests;
				PRODUCT_NAME = "$(TARGET_NAME)";
				SWIFT_EMIT_LOC_STRINGS = NO;
				SWIFT_VERSION = 5.0;
				TARGETED_DEVICE_FAMILY = "1,2";
				TEST_HOST = "$(BUILT_PRODUCTS_DIR)/AWRealEstate.app/$(BUNDLE_EXECUTABLE_FOLDER_PATH)/AWRealEstate";
			};
			name = Release;
		};
		D163157429F95B8500B3F261 /* Debug */ = {
			isa = XCBuildConfiguration;
			buildSettings = {
				ALWAYS_EMBED_SWIFT_STANDARD_LIBRARIES = YES;
				CODE_SIGN_STYLE = Automatic;
				CURRENT_PROJECT_VERSION = 1;
				DEVELOPMENT_TEAM = MX6EDE7QQU;
				GENERATE_INFOPLIST_FILE = YES;
				MARKETING_VERSION = 1.0;
				PRODUCT_BUNDLE_IDENTIFIER = com.gigabit.AWRealEstateUITests;
				PRODUCT_NAME = "$(TARGET_NAME)";
				SWIFT_EMIT_LOC_STRINGS = NO;
				SWIFT_VERSION = 5.0;
				TARGETED_DEVICE_FAMILY = "1,2";
				TEST_TARGET_NAME = AWRealEstate;
			};
			name = Debug;
		};
		D163157529F95B8500B3F261 /* Release */ = {
			isa = XCBuildConfiguration;
			buildSettings = {
				ALWAYS_EMBED_SWIFT_STANDARD_LIBRARIES = YES;
				CODE_SIGN_STYLE = Automatic;
				CURRENT_PROJECT_VERSION = 1;
				DEVELOPMENT_TEAM = MX6EDE7QQU;
				GENERATE_INFOPLIST_FILE = YES;
				MARKETING_VERSION = 1.0;
				PRODUCT_BUNDLE_IDENTIFIER = com.gigabit.AWRealEstateUITests;
				PRODUCT_NAME = "$(TARGET_NAME)";
				SWIFT_EMIT_LOC_STRINGS = NO;
				SWIFT_VERSION = 5.0;
				TARGETED_DEVICE_FAMILY = "1,2";
				TEST_TARGET_NAME = AWRealEstate;
			};
			name = Release;
		};
		D16315A329F9E64800B3F261 /* Simpson */ = {
			isa = XCBuildConfiguration;
			buildSettings = {
				ALWAYS_SEARCH_USER_PATHS = NO;
				CLANG_ANALYZER_NONNULL = YES;
				CLANG_ANALYZER_NUMBER_OBJECT_CONVERSION = YES_AGGRESSIVE;
				CLANG_CXX_LANGUAGE_STANDARD = "gnu++20";
				CLANG_ENABLE_MODULES = YES;
				CLANG_ENABLE_OBJC_ARC = YES;
				CLANG_ENABLE_OBJC_WEAK = YES;
				CLANG_WARN_BLOCK_CAPTURE_AUTORELEASING = YES;
				CLANG_WARN_BOOL_CONVERSION = YES;
				CLANG_WARN_COMMA = YES;
				CLANG_WARN_CONSTANT_CONVERSION = YES;
				CLANG_WARN_DEPRECATED_OBJC_IMPLEMENTATIONS = YES;
				CLANG_WARN_DIRECT_OBJC_ISA_USAGE = YES_ERROR;
				CLANG_WARN_DOCUMENTATION_COMMENTS = YES;
				CLANG_WARN_EMPTY_BODY = YES;
				CLANG_WARN_ENUM_CONVERSION = YES;
				CLANG_WARN_INFINITE_RECURSION = YES;
				CLANG_WARN_INT_CONVERSION = YES;
				CLANG_WARN_NON_LITERAL_NULL_CONVERSION = YES;
				CLANG_WARN_OBJC_IMPLICIT_RETAIN_SELF = YES;
				CLANG_WARN_OBJC_LITERAL_CONVERSION = YES;
				CLANG_WARN_OBJC_ROOT_CLASS = YES_ERROR;
				CLANG_WARN_QUOTED_INCLUDE_IN_FRAMEWORK_HEADER = YES;
				CLANG_WARN_RANGE_LOOP_ANALYSIS = YES;
				CLANG_WARN_STRICT_PROTOTYPES = YES;
				CLANG_WARN_SUSPICIOUS_MOVE = YES;
				CLANG_WARN_UNGUARDED_AVAILABILITY = YES_AGGRESSIVE;
				CLANG_WARN_UNREACHABLE_CODE = YES;
				CLANG_WARN__DUPLICATE_METHOD_MATCH = YES;
				COPY_PHASE_STRIP = NO;
				DEBUG_INFORMATION_FORMAT = dwarf;
				ENABLE_STRICT_OBJC_MSGSEND = YES;
				ENABLE_TESTABILITY = YES;
				GCC_C_LANGUAGE_STANDARD = gnu11;
				GCC_DYNAMIC_NO_PIC = NO;
				GCC_NO_COMMON_BLOCKS = YES;
				GCC_OPTIMIZATION_LEVEL = 0;
				GCC_PREPROCESSOR_DEFINITIONS = (
					"DEBUG=1",
					"$(inherited)",
				);
				GCC_WARN_64_TO_32_BIT_CONVERSION = YES;
				GCC_WARN_ABOUT_RETURN_TYPE = YES_ERROR;
				GCC_WARN_UNDECLARED_SELECTOR = YES;
				GCC_WARN_UNINITIALIZED_AUTOS = YES_AGGRESSIVE;
				GCC_WARN_UNUSED_FUNCTION = YES;
				GCC_WARN_UNUSED_VARIABLE = YES;
				IPHONEOS_DEPLOYMENT_TARGET = 16.2;
				MTL_ENABLE_DEBUG_INFO = INCLUDE_SOURCE;
				MTL_FAST_MATH = YES;
				ONLY_ACTIVE_ARCH = YES;
				SDKROOT = iphoneos;
				SWIFT_ACTIVE_COMPILATION_CONDITIONS = DEBUG;
				SWIFT_OPTIMIZATION_LEVEL = "-Onone";
			};
			name = Simpson;
		};
		D16315A429F9E64800B3F261 /* Simpson */ = {
			isa = XCBuildConfiguration;
			baseConfigurationReference = D163159429F9DD6800B3F261 /* Simpsons.xcconfig */;
			buildSettings = {
				ASSETCATALOG_COMPILER_APPICON_NAME = AppIcon;
				ASSETCATALOG_COMPILER_GLOBAL_ACCENT_COLOR_NAME = AccentColor;
				CODE_SIGN_STYLE = Automatic;
				CURRENT_PROJECT_VERSION = 1;
				DEVELOPMENT_TEAM = MX6EDE7QQU;
				GENERATE_INFOPLIST_FILE = YES;
				INFOPLIST_FILE = AWRealEstate/Info.plist;
				INFOPLIST_KEY_UIApplicationSupportsIndirectInputEvents = YES;
				INFOPLIST_KEY_UILaunchStoryboardName = LaunchScreen;
				INFOPLIST_KEY_UIRequiredDeviceCapabilities = armv7;
				INFOPLIST_KEY_UISupportedInterfaceOrientations_iPad = "UIInterfaceOrientationPortrait UIInterfaceOrientationPortraitUpsideDown UIInterfaceOrientationLandscapeLeft UIInterfaceOrientationLandscapeRight";
				INFOPLIST_KEY_UISupportedInterfaceOrientations_iPhone = "UIInterfaceOrientationPortrait UIInterfaceOrientationLandscapeLeft UIInterfaceOrientationLandscapeRight";
				LD_RUNPATH_SEARCH_PATHS = (
					"$(inherited)",
					"@executable_path/Frameworks",
				);
				MARKETING_VERSION = 1.0;
				PRODUCT_BUNDLE_IDENTIFIER = com.gigabit.AWRealEstate;
				PRODUCT_NAME = "$(TARGET_NAME)";
				SWIFT_EMIT_LOC_STRINGS = YES;
				SWIFT_VERSION = 5.0;
				TARGETED_DEVICE_FAMILY = "1,2";
			};
			name = Simpson;
		};
		D16315A529F9E64800B3F261 /* Simpson */ = {
			isa = XCBuildConfiguration;
			baseConfigurationReference = D163159429F9DD6800B3F261 /* Simpsons.xcconfig */;
			buildSettings = {
				ALWAYS_EMBED_SWIFT_STANDARD_LIBRARIES = YES;
				BUNDLE_LOADER = "$(TEST_HOST)";
				CODE_SIGN_STYLE = Automatic;
				CURRENT_PROJECT_VERSION = 1;
				DEVELOPMENT_TEAM = MX6EDE7QQU;
				GENERATE_INFOPLIST_FILE = YES;
				IPHONEOS_DEPLOYMENT_TARGET = 16.2;
				MARKETING_VERSION = 1.0;
				PRODUCT_BUNDLE_IDENTIFIER = com.gigabit.AWRealEstateTests;
				PRODUCT_NAME = "$(TARGET_NAME)";
				SWIFT_EMIT_LOC_STRINGS = NO;
				SWIFT_VERSION = 5.0;
				TARGETED_DEVICE_FAMILY = "1,2";
				TEST_HOST = "$(BUILT_PRODUCTS_DIR)/AWRealEstate.app/$(BUNDLE_EXECUTABLE_FOLDER_PATH)/AWRealEstate";
			};
			name = Simpson;
		};
		D16315A629F9E64800B3F261 /* Simpson */ = {
			isa = XCBuildConfiguration;
			buildSettings = {
				ALWAYS_EMBED_SWIFT_STANDARD_LIBRARIES = YES;
				CODE_SIGN_STYLE = Automatic;
				CURRENT_PROJECT_VERSION = 1;
				DEVELOPMENT_TEAM = MX6EDE7QQU;
				GENERATE_INFOPLIST_FILE = YES;
				MARKETING_VERSION = 1.0;
				PRODUCT_BUNDLE_IDENTIFIER = com.gigabit.AWRealEstateUITests;
				PRODUCT_NAME = "$(TARGET_NAME)";
				SWIFT_EMIT_LOC_STRINGS = NO;
				SWIFT_VERSION = 5.0;
				TARGETED_DEVICE_FAMILY = "1,2";
				TEST_TARGET_NAME = AWRealEstate;
			};
			name = Simpson;
		};
		D16315A729F9E77900B3F261 /* Wire */ = {
			isa = XCBuildConfiguration;
			buildSettings = {
				ALWAYS_SEARCH_USER_PATHS = NO;
				CLANG_ANALYZER_NONNULL = YES;
				CLANG_ANALYZER_NUMBER_OBJECT_CONVERSION = YES_AGGRESSIVE;
				CLANG_CXX_LANGUAGE_STANDARD = "gnu++20";
				CLANG_ENABLE_MODULES = YES;
				CLANG_ENABLE_OBJC_ARC = YES;
				CLANG_ENABLE_OBJC_WEAK = YES;
				CLANG_WARN_BLOCK_CAPTURE_AUTORELEASING = YES;
				CLANG_WARN_BOOL_CONVERSION = YES;
				CLANG_WARN_COMMA = YES;
				CLANG_WARN_CONSTANT_CONVERSION = YES;
				CLANG_WARN_DEPRECATED_OBJC_IMPLEMENTATIONS = YES;
				CLANG_WARN_DIRECT_OBJC_ISA_USAGE = YES_ERROR;
				CLANG_WARN_DOCUMENTATION_COMMENTS = YES;
				CLANG_WARN_EMPTY_BODY = YES;
				CLANG_WARN_ENUM_CONVERSION = YES;
				CLANG_WARN_INFINITE_RECURSION = YES;
				CLANG_WARN_INT_CONVERSION = YES;
				CLANG_WARN_NON_LITERAL_NULL_CONVERSION = YES;
				CLANG_WARN_OBJC_IMPLICIT_RETAIN_SELF = YES;
				CLANG_WARN_OBJC_LITERAL_CONVERSION = YES;
				CLANG_WARN_OBJC_ROOT_CLASS = YES_ERROR;
				CLANG_WARN_QUOTED_INCLUDE_IN_FRAMEWORK_HEADER = YES;
				CLANG_WARN_RANGE_LOOP_ANALYSIS = YES;
				CLANG_WARN_STRICT_PROTOTYPES = YES;
				CLANG_WARN_SUSPICIOUS_MOVE = YES;
				CLANG_WARN_UNGUARDED_AVAILABILITY = YES_AGGRESSIVE;
				CLANG_WARN_UNREACHABLE_CODE = YES;
				CLANG_WARN__DUPLICATE_METHOD_MATCH = YES;
				COPY_PHASE_STRIP = NO;
				DEBUG_INFORMATION_FORMAT = dwarf;
				ENABLE_STRICT_OBJC_MSGSEND = YES;
				ENABLE_TESTABILITY = YES;
				GCC_C_LANGUAGE_STANDARD = gnu11;
				GCC_DYNAMIC_NO_PIC = NO;
				GCC_NO_COMMON_BLOCKS = YES;
				GCC_OPTIMIZATION_LEVEL = 0;
				GCC_PREPROCESSOR_DEFINITIONS = (
					"DEBUG=1",
					"$(inherited)",
				);
				GCC_WARN_64_TO_32_BIT_CONVERSION = YES;
				GCC_WARN_ABOUT_RETURN_TYPE = YES_ERROR;
				GCC_WARN_UNDECLARED_SELECTOR = YES;
				GCC_WARN_UNINITIALIZED_AUTOS = YES_AGGRESSIVE;
				GCC_WARN_UNUSED_FUNCTION = YES;
				GCC_WARN_UNUSED_VARIABLE = YES;
				IPHONEOS_DEPLOYMENT_TARGET = 16.2;
				MTL_ENABLE_DEBUG_INFO = INCLUDE_SOURCE;
				MTL_FAST_MATH = YES;
				ONLY_ACTIVE_ARCH = YES;
				SDKROOT = iphoneos;
				SWIFT_ACTIVE_COMPILATION_CONDITIONS = DEBUG;
				SWIFT_OPTIMIZATION_LEVEL = "-Onone";
			};
			name = Wire;
		};
		D16315A829F9E77900B3F261 /* Wire */ = {
			isa = XCBuildConfiguration;
			baseConfigurationReference = D163159529F9DD6800B3F261 /* Wire.xcconfig */;
			buildSettings = {
				ASSETCATALOG_COMPILER_APPICON_NAME = AppIcon;
				ASSETCATALOG_COMPILER_GLOBAL_ACCENT_COLOR_NAME = AccentColor;
				CODE_SIGN_STYLE = Automatic;
				CURRENT_PROJECT_VERSION = 1;
				DEVELOPMENT_TEAM = MX6EDE7QQU;
				GENERATE_INFOPLIST_FILE = YES;
				INFOPLIST_FILE = AWRealEstate/Info.plist;
				INFOPLIST_KEY_UIApplicationSupportsIndirectInputEvents = YES;
				INFOPLIST_KEY_UILaunchStoryboardName = LaunchScreen;
				INFOPLIST_KEY_UIRequiredDeviceCapabilities = armv7;
				INFOPLIST_KEY_UISupportedInterfaceOrientations_iPad = "UIInterfaceOrientationPortrait UIInterfaceOrientationPortraitUpsideDown UIInterfaceOrientationLandscapeLeft UIInterfaceOrientationLandscapeRight";
				INFOPLIST_KEY_UISupportedInterfaceOrientations_iPhone = "UIInterfaceOrientationPortrait UIInterfaceOrientationLandscapeLeft UIInterfaceOrientationLandscapeRight";
				LD_RUNPATH_SEARCH_PATHS = (
					"$(inherited)",
					"@executable_path/Frameworks",
				);
				MARKETING_VERSION = 1.0;
				PRODUCT_BUNDLE_IDENTIFIER = com.gigabit.AWRealEstate;
				PRODUCT_NAME = "$(TARGET_NAME)";
				SWIFT_EMIT_LOC_STRINGS = YES;
				SWIFT_VERSION = 5.0;
				TARGETED_DEVICE_FAMILY = "1,2";
			};
			name = Wire;
		};
		D16315A929F9E77900B3F261 /* Wire */ = {
			isa = XCBuildConfiguration;
			baseConfigurationReference = D163159529F9DD6800B3F261 /* Wire.xcconfig */;
			buildSettings = {
				ALWAYS_EMBED_SWIFT_STANDARD_LIBRARIES = YES;
				BUNDLE_LOADER = "$(TEST_HOST)";
				CODE_SIGN_STYLE = Automatic;
				CURRENT_PROJECT_VERSION = 1;
				DEVELOPMENT_TEAM = MX6EDE7QQU;
				GENERATE_INFOPLIST_FILE = YES;
				IPHONEOS_DEPLOYMENT_TARGET = 16.2;
				MARKETING_VERSION = 1.0;
				PRODUCT_BUNDLE_IDENTIFIER = com.gigabit.AWRealEstateTests;
				PRODUCT_NAME = "$(TARGET_NAME)";
				SWIFT_EMIT_LOC_STRINGS = NO;
				SWIFT_VERSION = 5.0;
				TARGETED_DEVICE_FAMILY = "1,2";
				TEST_HOST = "$(BUILT_PRODUCTS_DIR)/AWRealEstate.app/$(BUNDLE_EXECUTABLE_FOLDER_PATH)/AWRealEstate";
			};
			name = Wire;
		};
		D16315AA29F9E77900B3F261 /* Wire */ = {
			isa = XCBuildConfiguration;
			buildSettings = {
				ALWAYS_EMBED_SWIFT_STANDARD_LIBRARIES = YES;
				CODE_SIGN_STYLE = Automatic;
				CURRENT_PROJECT_VERSION = 1;
				DEVELOPMENT_TEAM = MX6EDE7QQU;
				GENERATE_INFOPLIST_FILE = YES;
				MARKETING_VERSION = 1.0;
				PRODUCT_BUNDLE_IDENTIFIER = com.gigabit.AWRealEstateUITests;
				PRODUCT_NAME = "$(TARGET_NAME)";
				SWIFT_EMIT_LOC_STRINGS = NO;
				SWIFT_VERSION = 5.0;
				TARGETED_DEVICE_FAMILY = "1,2";
				TEST_TARGET_NAME = AWRealEstate;
			};
			name = Wire;
		};
/* End XCBuildConfiguration section */

/* Begin XCConfigurationList section */
		D163153E29F95B8400B3F261 /* Build configuration list for PBXProject "AWRealEstate" */ = {
			isa = XCConfigurationList;
			buildConfigurations = (
				D163156B29F95B8500B3F261 /* Debug */,
				D16315A729F9E77900B3F261 /* Wire */,
				D16315A329F9E64800B3F261 /* Simpson */,
				D163156C29F95B8500B3F261 /* Release */,
			);
			defaultConfigurationIsVisible = 0;
			defaultConfigurationName = Release;
		};
		D163156D29F95B8500B3F261 /* Build configuration list for PBXNativeTarget "AWRealEstate" */ = {
			isa = XCConfigurationList;
			buildConfigurations = (
				D163156E29F95B8500B3F261 /* Debug */,
				D16315A829F9E77900B3F261 /* Wire */,
				D16315A429F9E64800B3F261 /* Simpson */,
				D163156F29F95B8500B3F261 /* Release */,
			);
			defaultConfigurationIsVisible = 0;
			defaultConfigurationName = Release;
		};
		D163157029F95B8500B3F261 /* Build configuration list for PBXNativeTarget "AWRealEstateTests" */ = {
			isa = XCConfigurationList;
			buildConfigurations = (
				D163157129F95B8500B3F261 /* Debug */,
				D16315A929F9E77900B3F261 /* Wire */,
				D16315A529F9E64800B3F261 /* Simpson */,
				D163157229F95B8500B3F261 /* Release */,
			);
			defaultConfigurationIsVisible = 0;
			defaultConfigurationName = Release;
		};
		D163157329F95B8500B3F261 /* Build configuration list for PBXNativeTarget "AWRealEstateUITests" */ = {
			isa = XCConfigurationList;
			buildConfigurations = (
				D163157429F95B8500B3F261 /* Debug */,
				D16315AA29F9E77900B3F261 /* Wire */,
				D16315A629F9E64800B3F261 /* Simpson */,
				D163157529F95B8500B3F261 /* Release */,
			);
			defaultConfigurationIsVisible = 0;
			defaultConfigurationName = Release;
		};
/* End XCConfigurationList section */
	};
	rootObject = D163153B29F95B8300B3F261 /* Project object */;
}
